// !$*UTF8*$!
{
	archiveVersion = 1;
	classes = {
	};
	objectVersion = 46;
	objects = {

/* Begin PBXBuildFile section */
		6510A437180B67C70034295B /* UIKit.framework in Frameworks */ = {isa = PBXBuildFile; fileRef = 6510A436180B67C70034295B /* UIKit.framework */; };
		6510A439180B67C70034295B /* Foundation.framework in Frameworks */ = {isa = PBXBuildFile; fileRef = 6510A438180B67C70034295B /* Foundation.framework */; };
		6510A43B180B67C70034295B /* CoreGraphics.framework in Frameworks */ = {isa = PBXBuildFile; fileRef = 6510A43A180B67C70034295B /* CoreGraphics.framework */; };
		6510A441180B67C70034295B /* InfoPlist.strings in Resources */ = {isa = PBXBuildFile; fileRef = 6510A43F180B67C70034295B /* InfoPlist.strings */; };
		6510A443180B67C70034295B /* main.m in Sources */ = {isa = PBXBuildFile; fileRef = 6510A442180B67C70034295B /* main.m */; };
		6510A447180B67C70034295B /* PFAppDelegate.m in Sources */ = {isa = PBXBuildFile; fileRef = 6510A446180B67C70034295B /* PFAppDelegate.m */; };
		6510A449180B67C70034295B /* Default.png in Resources */ = {isa = PBXBuildFile; fileRef = 6510A448180B67C70034295B /* Default.png */; };
		6510A44B180B67C70034295B /* Default@2x.png in Resources */ = {isa = PBXBuildFile; fileRef = 6510A44A180B67C70034295B /* Default@2x.png */; };
		6510A44D180B67C70034295B /* Default-568h@2x.png in Resources */ = {isa = PBXBuildFile; fileRef = 6510A44C180B67C70034295B /* Default-568h@2x.png */; };
		6510A455180B698A0034295B /* PFStartupViewController.m in Sources */ = {isa = PBXBuildFile; fileRef = 6510A454180B698A0034295B /* PFStartupViewController.m */; };
		6510A458180B6A020034295B /* PFLoginView.m in Sources */ = {isa = PBXBuildFile; fileRef = 6510A457180B6A020034295B /* PFLoginView.m */; };
		6510A45B180B6A890034295B /* PFRootViewController.m in Sources */ = {isa = PBXBuildFile; fileRef = 6510A45A180B6A890034295B /* PFRootViewController.m */; };
		656DA3F3181463B400F684B8 /* libAPI.a in Frameworks */ = {isa = PBXBuildFile; fileRef = 65803983181460A00083088A /* libAPI.a */; };
		65C331C6180B6F2B0003C6A2 /* PFStartView.m in Sources */ = {isa = PBXBuildFile; fileRef = 65C331C5180B6F2B0003C6A2 /* PFStartView.m */; };
		65C331C9180B81570003C6A2 /* PFLoginViewController.m in Sources */ = {isa = PBXBuildFile; fileRef = 65C331C8180B81570003C6A2 /* PFLoginViewController.m */; };
/* End PBXBuildFile section */

/* Begin PBXContainerItemProxy section */
		656DA3F4181463FE00F684B8 /* PBXContainerItemProxy */ = {
			isa = PBXContainerItemProxy;
			containerPortal = 6580397D181460A00083088A /* API.xcodeproj */;
			proxyType = 1;
			remoteGlobalIDString = 65803920181373380083088A;
			remoteInfo = API;
		};
		65803982181460A00083088A /* PBXContainerItemProxy */ = {
			isa = PBXContainerItemProxy;
			containerPortal = 6580397D181460A00083088A /* API.xcodeproj */;
			proxyType = 2;
			remoteGlobalIDString = 65803921181373380083088A;
			remoteInfo = API;
		};
		65803984181460A00083088A /* PBXContainerItemProxy */ = {
			isa = PBXContainerItemProxy;
			containerPortal = 6580397D181460A00083088A /* API.xcodeproj */;
			proxyType = 2;
			remoteGlobalIDString = 65803931181373380083088A;
			remoteInfo = APITests;
		};
/* End PBXContainerItemProxy section */

/* Begin PBXFileReference section */
		6510A433180B67C70034295B /* Playfield.app */ = {isa = PBXFileReference; explicitFileType = wrapper.application; includeInIndex = 0; path = Playfield.app; sourceTree = BUILT_PRODUCTS_DIR; };
		6510A436180B67C70034295B /* UIKit.framework */ = {isa = PBXFileReference; lastKnownFileType = wrapper.framework; name = UIKit.framework; path = System/Library/Frameworks/UIKit.framework; sourceTree = SDKROOT; };
		6510A438180B67C70034295B /* Foundation.framework */ = {isa = PBXFileReference; lastKnownFileType = wrapper.framework; name = Foundation.framework; path = System/Library/Frameworks/Foundation.framework; sourceTree = SDKROOT; };
		6510A43A180B67C70034295B /* CoreGraphics.framework */ = {isa = PBXFileReference; lastKnownFileType = wrapper.framework; name = CoreGraphics.framework; path = System/Library/Frameworks/CoreGraphics.framework; sourceTree = SDKROOT; };
		6510A43E180B67C70034295B /* Playfield-Info.plist */ = {isa = PBXFileReference; lastKnownFileType = text.plist.xml; path = "Playfield-Info.plist"; sourceTree = "<group>"; };
		6510A440180B67C70034295B /* en */ = {isa = PBXFileReference; lastKnownFileType = text.plist.strings; name = en; path = en.lproj/InfoPlist.strings; sourceTree = "<group>"; };
		6510A442180B67C70034295B /* main.m */ = {isa = PBXFileReference; lastKnownFileType = sourcecode.c.objc; path = main.m; sourceTree = "<group>"; };
		6510A444180B67C70034295B /* Playfield-Prefix.pch */ = {isa = PBXFileReference; lastKnownFileType = sourcecode.c.h; path = "Playfield-Prefix.pch"; sourceTree = "<group>"; };
		6510A445180B67C70034295B /* PFAppDelegate.h */ = {isa = PBXFileReference; lastKnownFileType = sourcecode.c.h; path = PFAppDelegate.h; sourceTree = "<group>"; };
		6510A446180B67C70034295B /* PFAppDelegate.m */ = {isa = PBXFileReference; lastKnownFileType = sourcecode.c.objc; path = PFAppDelegate.m; sourceTree = "<group>"; };
		6510A448180B67C70034295B /* Default.png */ = {isa = PBXFileReference; lastKnownFileType = image.png; path = Default.png; sourceTree = "<group>"; };
		6510A44A180B67C70034295B /* Default@2x.png */ = {isa = PBXFileReference; lastKnownFileType = image.png; path = "Default@2x.png"; sourceTree = "<group>"; };
		6510A44C180B67C70034295B /* Default-568h@2x.png */ = {isa = PBXFileReference; lastKnownFileType = image.png; path = "Default-568h@2x.png"; sourceTree = "<group>"; };
		6510A453180B698A0034295B /* PFStartupViewController.h */ = {isa = PBXFileReference; fileEncoding = 4; lastKnownFileType = sourcecode.c.h; path = PFStartupViewController.h; sourceTree = "<group>"; };
		6510A454180B698A0034295B /* PFStartupViewController.m */ = {isa = PBXFileReference; fileEncoding = 4; lastKnownFileType = sourcecode.c.objc; path = PFStartupViewController.m; sourceTree = "<group>"; };
		6510A456180B6A020034295B /* PFLoginView.h */ = {isa = PBXFileReference; fileEncoding = 4; lastKnownFileType = sourcecode.c.h; path = PFLoginView.h; sourceTree = "<group>"; };
		6510A457180B6A020034295B /* PFLoginView.m */ = {isa = PBXFileReference; fileEncoding = 4; lastKnownFileType = sourcecode.c.objc; path = PFLoginView.m; sourceTree = "<group>"; };
		6510A459180B6A890034295B /* PFRootViewController.h */ = {isa = PBXFileReference; fileEncoding = 4; lastKnownFileType = sourcecode.c.h; path = PFRootViewController.h; sourceTree = "<group>"; };
		6510A45A180B6A890034295B /* PFRootViewController.m */ = {isa = PBXFileReference; fileEncoding = 4; lastKnownFileType = sourcecode.c.objc; path = PFRootViewController.m; sourceTree = "<group>"; };
		6580397D181460A00083088A /* API.xcodeproj */ = {isa = PBXFileReference; lastKnownFileType = "wrapper.pb-project"; name = API.xcodeproj; path = "../../anonymous-ios-api/API/API.xcodeproj"; sourceTree = "<group>"; };
		65C331C4180B6F2B0003C6A2 /* PFStartView.h */ = {isa = PBXFileReference; fileEncoding = 4; lastKnownFileType = sourcecode.c.h; path = PFStartView.h; sourceTree = "<group>"; };
		65C331C5180B6F2B0003C6A2 /* PFStartView.m */ = {isa = PBXFileReference; fileEncoding = 4; lastKnownFileType = sourcecode.c.objc; path = PFStartView.m; sourceTree = "<group>"; };
		65C331C7180B81570003C6A2 /* PFLoginViewController.h */ = {isa = PBXFileReference; fileEncoding = 4; lastKnownFileType = sourcecode.c.h; path = PFLoginViewController.h; sourceTree = "<group>"; };
		65C331C8180B81570003C6A2 /* PFLoginViewController.m */ = {isa = PBXFileReference; fileEncoding = 4; lastKnownFileType = sourcecode.c.objc; path = PFLoginViewController.m; sourceTree = "<group>"; };
		65FEAC7E181467B6006A41DD /* API.h */ = {isa = PBXFileReference; lastKnownFileType = sourcecode.c.h; path = API.h; sourceTree = "<group>"; };
		65FEAC7F181467B6006A41DD /* AuthenticationHandler.h */ = {isa = PBXFileReference; lastKnownFileType = sourcecode.c.h; path = AuthenticationHandler.h; sourceTree = "<group>"; };
		65FEAC80181467B6006A41DD /* PFApiManager.h */ = {isa = PBXFileReference; lastKnownFileType = sourcecode.c.h; path = PFApiManager.h; sourceTree = "<group>"; };
/* End PBXFileReference section */

/* Begin PBXFrameworksBuildPhase section */
		6510A430180B67C60034295B /* Frameworks */ = {
			isa = PBXFrameworksBuildPhase;
			buildActionMask = 2147483647;
			files = (
				656DA3F3181463B400F684B8 /* libAPI.a in Frameworks */,
				6510A437180B67C70034295B /* UIKit.framework in Frameworks */,
				6510A439180B67C70034295B /* Foundation.framework in Frameworks */,
				6510A43B180B67C70034295B /* CoreGraphics.framework in Frameworks */,
			);
			runOnlyForDeploymentPostprocessing = 0;
		};
/* End PBXFrameworksBuildPhase section */

/* Begin PBXGroup section */
		6510A42A180B67C60034295B = {
			isa = PBXGroup;
			children = (
				65FEAC7D181467B6006A41DD /* PlayField-Api */,
				6510A43C180B67C70034295B /* Playfield */,
				6510A435180B67C70034295B /* Frameworks */,
				6510A434180B67C70034295B /* Products */,
				6580397D181460A00083088A /* API.xcodeproj */,
			);
			sourceTree = "<group>";
		};
		6510A434180B67C70034295B /* Products */ = {
			isa = PBXGroup;
			children = (
				6510A433180B67C70034295B /* Playfield.app */,
			);
			name = Products;
			sourceTree = "<group>";
		};
		6510A435180B67C70034295B /* Frameworks */ = {
			isa = PBXGroup;
			children = (
				6510A436180B67C70034295B /* UIKit.framework */,
				6510A438180B67C70034295B /* Foundation.framework */,
				6510A43A180B67C70034295B /* CoreGraphics.framework */,
			);
			name = Frameworks;
			sourceTree = "<group>";
		};
		6510A43C180B67C70034295B /* Playfield */ = {
			isa = PBXGroup;
			children = (
				6510A445180B67C70034295B /* PFAppDelegate.h */,
				6510A446180B67C70034295B /* PFAppDelegate.m */,
				6510A43D180B67C70034295B /* Supporting Files */,
				6510A453180B698A0034295B /* PFStartupViewController.h */,
				6510A454180B698A0034295B /* PFStartupViewController.m */,
				6510A456180B6A020034295B /* PFLoginView.h */,
				6510A457180B6A020034295B /* PFLoginView.m */,
				6510A459180B6A890034295B /* PFRootViewController.h */,
				6510A45A180B6A890034295B /* PFRootViewController.m */,
				65C331C4180B6F2B0003C6A2 /* PFStartView.h */,
				65C331C5180B6F2B0003C6A2 /* PFStartView.m */,
				65C331C7180B81570003C6A2 /* PFLoginViewController.h */,
				65C331C8180B81570003C6A2 /* PFLoginViewController.m */,
			);
			path = Playfield;
			sourceTree = "<group>";
		};
		6510A43D180B67C70034295B /* Supporting Files */ = {
			isa = PBXGroup;
			children = (
				6510A43E180B67C70034295B /* Playfield-Info.plist */,
				6510A43F180B67C70034295B /* InfoPlist.strings */,
				6510A442180B67C70034295B /* main.m */,
				6510A444180B67C70034295B /* Playfield-Prefix.pch */,
				6510A448180B67C70034295B /* Default.png */,
				6510A44A180B67C70034295B /* Default@2x.png */,
				6510A44C180B67C70034295B /* Default-568h@2x.png */,
			);
			name = "Supporting Files";
			sourceTree = "<group>";
		};
		6580397E181460A00083088A /* Products */ = {
			isa = PBXGroup;
			children = (
				65803983181460A00083088A /* libAPI.a */,
				65803985181460A00083088A /* APITests.xctest */,
			);
			name = Products;
			sourceTree = "<group>";
		};
		65FEAC7D181467B6006A41DD /* PlayField-Api */ = {
			isa = PBXGroup;
			children = (
				65FEAC7E181467B6006A41DD /* API.h */,
				65FEAC7F181467B6006A41DD /* AuthenticationHandler.h */,
				65FEAC80181467B6006A41DD /* PFApiManager.h */,
			);
			name = "PlayField-Api";
			path = "../../PlayField-Api";
			sourceTree = "<group>";
		};
/* End PBXGroup section */

/* Begin PBXNativeTarget section */
		6510A432180B67C60034295B /* Playfield */ = {
			isa = PBXNativeTarget;
			buildConfigurationList = 6510A450180B67C70034295B /* Build configuration list for PBXNativeTarget "Playfield" */;
			buildPhases = (
				6510A42F180B67C60034295B /* Sources */,
				6510A430180B67C60034295B /* Frameworks */,
				6510A431180B67C60034295B /* Resources */,
			);
			buildRules = (
			);
			dependencies = (
				656DA3F5181463FE00F684B8 /* PBXTargetDependency */,
			);
			name = Playfield;
			productName = Playfield;
			productReference = 6510A433180B67C70034295B /* Playfield.app */;
			productType = "com.apple.product-type.application";
		};
/* End PBXNativeTarget section */

/* Begin PBXProject section */
		6510A42B180B67C60034295B /* Project object */ = {
			isa = PBXProject;
			attributes = {
				CLASSPREFIX = PF;
				LastUpgradeCheck = 0460;
				ORGANIZATIONNAME = PlayField;
			};
			buildConfigurationList = 6510A42E180B67C60034295B /* Build configuration list for PBXProject "Playfield" */;
			compatibilityVersion = "Xcode 3.2";
			developmentRegion = English;
			hasScannedForEncodings = 0;
			knownRegions = (
				en,
			);
			mainGroup = 6510A42A180B67C60034295B;
			productRefGroup = 6510A434180B67C70034295B /* Products */;
			projectDirPath = "";
			projectReferences = (
				{
					ProductGroup = 6580397E181460A00083088A /* Products */;
					ProjectRef = 6580397D181460A00083088A /* API.xcodeproj */;
				},
			);
			projectRoot = "";
			targets = (
				6510A432180B67C60034295B /* Playfield */,
			);
		};
/* End PBXProject section */

/* Begin PBXReferenceProxy section */
		65803983181460A00083088A /* libAPI.a */ = {
			isa = PBXReferenceProxy;
			fileType = archive.ar;
			path = libAPI.a;
			remoteRef = 65803982181460A00083088A /* PBXContainerItemProxy */;
			sourceTree = BUILT_PRODUCTS_DIR;
		};
		65803985181460A00083088A /* APITests.xctest */ = {
			isa = PBXReferenceProxy;
			fileType = wrapper.cfbundle;
			path = APITests.xctest;
			remoteRef = 65803984181460A00083088A /* PBXContainerItemProxy */;
			sourceTree = BUILT_PRODUCTS_DIR;
		};
/* End PBXReferenceProxy section */

/* Begin PBXResourcesBuildPhase section */
		6510A431180B67C60034295B /* Resources */ = {
			isa = PBXResourcesBuildPhase;
			buildActionMask = 2147483647;
			files = (
				6510A441180B67C70034295B /* InfoPlist.strings in Resources */,
				6510A449180B67C70034295B /* Default.png in Resources */,
				6510A44B180B67C70034295B /* Default@2x.png in Resources */,
				6510A44D180B67C70034295B /* Default-568h@2x.png in Resources */,
			);
			runOnlyForDeploymentPostprocessing = 0;
		};
/* End PBXResourcesBuildPhase section */

/* Begin PBXSourcesBuildPhase section */
		6510A42F180B67C60034295B /* Sources */ = {
			isa = PBXSourcesBuildPhase;
			buildActionMask = 2147483647;
			files = (
				6510A443180B67C70034295B /* main.m in Sources */,
				65C331C6180B6F2B0003C6A2 /* PFStartView.m in Sources */,
				65C331C9180B81570003C6A2 /* PFLoginViewController.m in Sources */,
				6510A447180B67C70034295B /* PFAppDelegate.m in Sources */,
				6510A455180B698A0034295B /* PFStartupViewController.m in Sources */,
				6510A458180B6A020034295B /* PFLoginView.m in Sources */,
				6510A45B180B6A890034295B /* PFRootViewController.m in Sources */,
			);
			runOnlyForDeploymentPostprocessing = 0;
		};
/* End PBXSourcesBuildPhase section */

/* Begin PBXTargetDependency section */
		656DA3F5181463FE00F684B8 /* PBXTargetDependency */ = {
			isa = PBXTargetDependency;
			name = API;
			targetProxy = 656DA3F4181463FE00F684B8 /* PBXContainerItemProxy */;
		};
/* End PBXTargetDependency section */

/* Begin PBXVariantGroup section */
		6510A43F180B67C70034295B /* InfoPlist.strings */ = {
			isa = PBXVariantGroup;
			children = (
				6510A440180B67C70034295B /* en */,
			);
			name = InfoPlist.strings;
			sourceTree = "<group>";
		};
/* End PBXVariantGroup section */

/* Begin XCBuildConfiguration section */
		6510A44E180B67C70034295B /* Debug */ = {
			isa = XCBuildConfiguration;
			buildSettings = {
				ALWAYS_SEARCH_USER_PATHS = NO;
				CLANG_CXX_LANGUAGE_STANDARD = "gnu++0x";
				CLANG_CXX_LIBRARY = "libc++";
				CLANG_ENABLE_OBJC_ARC = YES;
				CLANG_WARN_CONSTANT_CONVERSION = YES;
				CLANG_WARN_EMPTY_BODY = YES;
				CLANG_WARN_ENUM_CONVERSION = YES;
				CLANG_WARN_INT_CONVERSION = YES;
				CLANG_WARN__DUPLICATE_METHOD_MATCH = YES;
				"CODE_SIGN_IDENTITY[sdk=iphoneos*]" = "iPhone Developer";
				COPY_PHASE_STRIP = NO;
				GCC_C_LANGUAGE_STANDARD = gnu99;
				GCC_DYNAMIC_NO_PIC = NO;
				GCC_OPTIMIZATION_LEVEL = 0;
				GCC_PREPROCESSOR_DEFINITIONS = (
					"DEBUG=1",
					"$(inherited)",
				);
				GCC_SYMBOLS_PRIVATE_EXTERN = NO;
				GCC_WARN_ABOUT_RETURN_TYPE = YES;
				GCC_WARN_UNINITIALIZED_AUTOS = YES;
				GCC_WARN_UNUSED_VARIABLE = YES;
				IPHONEOS_DEPLOYMENT_TARGET = 6.1;
				ONLY_ACTIVE_ARCH = YES;
				SDKROOT = iphoneos;
			};
			name = Debug;
		};
		6510A44F180B67C70034295B /* Release */ = {
			isa = XCBuildConfiguration;
			buildSettings = {
				ALWAYS_SEARCH_USER_PATHS = NO;
				CLANG_CXX_LANGUAGE_STANDARD = "gnu++0x";
				CLANG_CXX_LIBRARY = "libc++";
				CLANG_ENABLE_OBJC_ARC = YES;
				CLANG_WARN_CONSTANT_CONVERSION = YES;
				CLANG_WARN_EMPTY_BODY = YES;
				CLANG_WARN_ENUM_CONVERSION = YES;
				CLANG_WARN_INT_CONVERSION = YES;
				CLANG_WARN__DUPLICATE_METHOD_MATCH = YES;
				"CODE_SIGN_IDENTITY[sdk=iphoneos*]" = "iPhone Developer";
				COPY_PHASE_STRIP = YES;
				GCC_C_LANGUAGE_STANDARD = gnu99;
				GCC_WARN_ABOUT_RETURN_TYPE = YES;
				GCC_WARN_UNINITIALIZED_AUTOS = YES;
				GCC_WARN_UNUSED_VARIABLE = YES;
				IPHONEOS_DEPLOYMENT_TARGET = 6.1;
				OTHER_CFLAGS = "-DNS_BLOCK_ASSERTIONS=1";
				SDKROOT = iphoneos;
				VALIDATE_PRODUCT = YES;
			};
			name = Release;
		};
		6510A451180B67C70034295B /* Debug */ = {
			isa = XCBuildConfiguration;
			buildSettings = {
				GCC_PRECOMPILE_PREFIX_HEADER = YES;
				GCC_PREFIX_HEADER = "Playfield/Playfield-Prefix.pch";
				HEADER_SEARCH_PATHS = (
					"$(inherited)",
					/Applications/Xcode.app/Contents/Developer/Toolchains/XcodeDefault.xctoolchain/usr/include,
					"$(BUILT_PRODUCTS_DIR)",
				);
				INFOPLIST_FILE = "Playfield/Playfield-Info.plist";
				IPHONEOS_DEPLOYMENT_TARGET = 7.0;
				PRODUCT_NAME = "$(TARGET_NAME)";
				WRAPPER_EXTENSION = app;
			};
			name = Debug;
		};
		6510A452180B67C70034295B /* Release */ = {
			isa = XCBuildConfiguration;
			buildSettings = {
				GCC_PRECOMPILE_PREFIX_HEADER = YES;
				GCC_PREFIX_HEADER = "Playfield/Playfield-Prefix.pch";
				HEADER_SEARCH_PATHS = (
					"$(inherited)",
					/Applications/Xcode.app/Contents/Developer/Toolchains/XcodeDefault.xctoolchain/usr/include,
					"$(BUILT_PRODUCTS_DIR)",
				);
				INFOPLIST_FILE = "Playfield/Playfield-Info.plist";
				IPHONEOS_DEPLOYMENT_TARGET = 7.0;
				PRODUCT_NAME = "$(TARGET_NAME)";
				WRAPPER_EXTENSION = app;
			};
			name = Release;
		};
/* End XCBuildConfiguration section */

/* Begin XCConfigurationList section */
		6510A42E180B67C60034295B /* Build configuration list for PBXProject "Playfield" */ = {
			isa = XCConfigurationList;
			buildConfigurations = (
				6510A44E180B67C70034295B /* Debug */,
				6510A44F180B67C70034295B /* Release */,
			);
			defaultConfigurationIsVisible = 0;
			defaultConfigurationName = Release;
		};
		6510A450180B67C70034295B /* Build configuration list for PBXNativeTarget "Playfield" */ = {
			isa = XCConfigurationList;
			buildConfigurations = (
				6510A451180B67C70034295B /* Debug */,
				6510A452180B67C70034295B /* Release */,
			);
			defaultConfigurationIsVisible = 0;
			defaultConfigurationName = Release;
		};
/* End XCConfigurationList section */
	};
	rootObject = 6510A42B180B67C60034295B /* Project object */;
}
